// !$*UTF8*$!
{
	archiveVersion = 1;
	classes = {
	};
	objectVersion = 56;
	objects = {

/* Begin PBXBuildFile section */
		AA0E1FEF2B2A349E00049DAF /* CervezopediaApp.swift in Sources */ = {isa = PBXBuildFile; fileRef = AA0E1FEE2B2A349E00049DAF /* CervezopediaApp.swift */; };
		AA0E1FF12B2A349E00049DAF /* ContentView.swift in Sources */ = {isa = PBXBuildFile; fileRef = AA0E1FF02B2A349E00049DAF /* ContentView.swift */; };
		AA0E1FF32B2A349F00049DAF /* Assets.xcassets in Resources */ = {isa = PBXBuildFile; fileRef = AA0E1FF22B2A349F00049DAF /* Assets.xcassets */; };
		AA0E1FF62B2A349F00049DAF /* Preview Assets.xcassets in Resources */ = {isa = PBXBuildFile; fileRef = AA0E1FF52B2A349F00049DAF /* Preview Assets.xcassets */; };
		AA6AFB9E2B2A3D97004892DF /* BeerType.swift in Sources */ = {isa = PBXBuildFile; fileRef = AA6AFB9D2B2A3D97004892DF /* BeerType.swift */; };
		AA6AFBA02B2A401E004892DF /* BeerModel.swift in Sources */ = {isa = PBXBuildFile; fileRef = AA6AFB9F2B2A401E004892DF /* BeerModel.swift */; };
		AA6AFBA22B2A4472004892DF /* ManufacturerModel.swift in Sources */ = {isa = PBXBuildFile; fileRef = AA6AFBA12B2A4472004892DF /* ManufacturerModel.swift */; };
		AA6B10E82B2F63E400146B08 /* LogoManager.swift in Sources */ = {isa = PBXBuildFile; fileRef = AA6B10E72B2F63E400146B08 /* LogoManager.swift */; };
		AA6B10EC2B2F6D4300146B08 /* ImageCacheEntry.swift in Sources */ = {isa = PBXBuildFile; fileRef = AA6B10EB2B2F6D4300146B08 /* ImageCacheEntry.swift */; };
		AA6B10EE2B2F6E3900146B08 /* ImageCache.swift in Sources */ = {isa = PBXBuildFile; fileRef = AA6B10ED2B2F6E3900146B08 /* ImageCache.swift */; };
		AA6B10F02B2F7DDC00146B08 /* BeerImageManager.swift in Sources */ = {isa = PBXBuildFile; fileRef = AA6B10EF2B2F7DDC00146B08 /* BeerImageManager.swift */; };
		AAA3594D2B2DC5550021CAF0 /* ManufacturerManager.swift in Sources */ = {isa = PBXBuildFile; fileRef = AAA3594C2B2DC5550021CAF0 /* ManufacturerManager.swift */; };
		AAACF2332B2B10AF00639FC0 /* CervezopediaTests.swift in Sources */ = {isa = PBXBuildFile; fileRef = AAACF2322B2B10AF00639FC0 /* CervezopediaTests.swift */; };
		AAACF23A2B2B10F200639FC0 /* ManufacturerModelTests.swift in Sources */ = {isa = PBXBuildFile; fileRef = AAACF2392B2B10F200639FC0 /* ManufacturerModelTests.swift */; };
		AAACF23C2B2B404B00639FC0 /* BeerModelTests.swift in Sources */ = {isa = PBXBuildFile; fileRef = AAACF23B2B2B404B00639FC0 /* BeerModelTests.swift */; };
		AAACF2422B2B5D7700639FC0 /* Serializer.swift in Sources */ = {isa = PBXBuildFile; fileRef = AAACF2412B2B5D7700639FC0 /* Serializer.swift */; };
		AAACF2442B2B61C800639FC0 /* SerializerTests.swift in Sources */ = {isa = PBXBuildFile; fileRef = AAACF2432B2B61C800639FC0 /* SerializerTests.swift */; };
		AAE853932B2DEA6D009477DF /* ManufacturerManagerTests.swift in Sources */ = {isa = PBXBuildFile; fileRef = AAE853922B2DEA6D009477DF /* ManufacturerManagerTests.swift */; };
		AAE8539B2B2DF9FF009477DF /* ImageManager.swift in Sources */ = {isa = PBXBuildFile; fileRef = AAE8539A2B2DF9FF009477DF /* ImageManager.swift */; };
/* End PBXBuildFile section */

/* Begin PBXContainerItemProxy section */
		AAACF2342B2B10AF00639FC0 /* PBXContainerItemProxy */ = {
			isa = PBXContainerItemProxy;
			containerPortal = AA0E1FE32B2A349D00049DAF /* Project object */;
			proxyType = 1;
			remoteGlobalIDString = AA0E1FEA2B2A349D00049DAF;
			remoteInfo = Cervezopedia;
		};
/* End PBXContainerItemProxy section */

/* Begin PBXFileReference section */
		AA0E1FEB2B2A349D00049DAF /* Cervezopedia.app */ = {isa = PBXFileReference; explicitFileType = wrapper.application; includeInIndex = 0; path = Cervezopedia.app; sourceTree = BUILT_PRODUCTS_DIR; };
		AA0E1FEE2B2A349E00049DAF /* CervezopediaApp.swift */ = {isa = PBXFileReference; lastKnownFileType = sourcecode.swift; path = CervezopediaApp.swift; sourceTree = "<group>"; };
		AA0E1FF02B2A349E00049DAF /* ContentView.swift */ = {isa = PBXFileReference; lastKnownFileType = sourcecode.swift; path = ContentView.swift; sourceTree = "<group>"; };
		AA0E1FF22B2A349F00049DAF /* Assets.xcassets */ = {isa = PBXFileReference; lastKnownFileType = folder.assetcatalog; path = Assets.xcassets; sourceTree = "<group>"; };
		AA0E1FF52B2A349F00049DAF /* Preview Assets.xcassets */ = {isa = PBXFileReference; lastKnownFileType = folder.assetcatalog; path = "Preview Assets.xcassets"; sourceTree = "<group>"; };
		AA6AFB9D2B2A3D97004892DF /* BeerType.swift */ = {isa = PBXFileReference; lastKnownFileType = sourcecode.swift; path = BeerType.swift; sourceTree = "<group>"; };
		AA6AFB9F2B2A401E004892DF /* BeerModel.swift */ = {isa = PBXFileReference; lastKnownFileType = sourcecode.swift; path = BeerModel.swift; sourceTree = "<group>"; };
		AA6AFBA12B2A4472004892DF /* ManufacturerModel.swift */ = {isa = PBXFileReference; lastKnownFileType = sourcecode.swift; path = ManufacturerModel.swift; sourceTree = "<group>"; };
		AA6B10E72B2F63E400146B08 /* LogoManager.swift */ = {isa = PBXFileReference; lastKnownFileType = sourcecode.swift; path = LogoManager.swift; sourceTree = "<group>"; };
		AA6B10EB2B2F6D4300146B08 /* ImageCacheEntry.swift */ = {isa = PBXFileReference; lastKnownFileType = sourcecode.swift; path = ImageCacheEntry.swift; sourceTree = "<group>"; };
		AA6B10ED2B2F6E3900146B08 /* ImageCache.swift */ = {isa = PBXFileReference; lastKnownFileType = sourcecode.swift; path = ImageCache.swift; sourceTree = "<group>"; };
		AA6B10EF2B2F7DDC00146B08 /* BeerImageManager.swift */ = {isa = PBXFileReference; lastKnownFileType = sourcecode.swift; path = BeerImageManager.swift; sourceTree = "<group>"; };
		AAA3594C2B2DC5550021CAF0 /* ManufacturerManager.swift */ = {isa = PBXFileReference; lastKnownFileType = sourcecode.swift; path = ManufacturerManager.swift; sourceTree = "<group>"; };
		AAACF2302B2B10AF00639FC0 /* CervezopediaTests.xctest */ = {isa = PBXFileReference; explicitFileType = wrapper.cfbundle; includeInIndex = 0; path = CervezopediaTests.xctest; sourceTree = BUILT_PRODUCTS_DIR; };
		AAACF2322B2B10AF00639FC0 /* CervezopediaTests.swift */ = {isa = PBXFileReference; lastKnownFileType = sourcecode.swift; path = CervezopediaTests.swift; sourceTree = "<group>"; };
		AAACF2392B2B10F200639FC0 /* ManufacturerModelTests.swift */ = {isa = PBXFileReference; lastKnownFileType = sourcecode.swift; path = ManufacturerModelTests.swift; sourceTree = "<group>"; };
		AAACF23B2B2B404B00639FC0 /* BeerModelTests.swift */ = {isa = PBXFileReference; lastKnownFileType = sourcecode.swift; path = BeerModelTests.swift; sourceTree = "<group>"; };
		AAACF2412B2B5D7700639FC0 /* Serializer.swift */ = {isa = PBXFileReference; lastKnownFileType = sourcecode.swift; path = Serializer.swift; sourceTree = "<group>"; };
		AAACF2432B2B61C800639FC0 /* SerializerTests.swift */ = {isa = PBXFileReference; lastKnownFileType = sourcecode.swift; name = SerializerTests.swift; path = Cervezopedia/SerializerTests.swift; sourceTree = SOURCE_ROOT; };
		AAE853922B2DEA6D009477DF /* ManufacturerManagerTests.swift */ = {isa = PBXFileReference; lastKnownFileType = sourcecode.swift; name = ManufacturerManagerTests.swift; path = Cervezopedia/ManufacturerManagerTests.swift; sourceTree = SOURCE_ROOT; };
		AAE8539A2B2DF9FF009477DF /* ImageManager.swift */ = {isa = PBXFileReference; lastKnownFileType = sourcecode.swift; path = ImageManager.swift; sourceTree = "<group>"; };
/* End PBXFileReference section */

/* Begin PBXFrameworksBuildPhase section */
		AA0E1FE82B2A349D00049DAF /* Frameworks */ = {
			isa = PBXFrameworksBuildPhase;
			buildActionMask = 2147483647;
			files = (
			);
			runOnlyForDeploymentPostprocessing = 0;
		};
		AAACF22D2B2B10AF00639FC0 /* Frameworks */ = {
			isa = PBXFrameworksBuildPhase;
			buildActionMask = 2147483647;
			files = (
			);
			runOnlyForDeploymentPostprocessing = 0;
		};
/* End PBXFrameworksBuildPhase section */

/* Begin PBXGroup section */
		AA0E1FE22B2A349D00049DAF = {
			isa = PBXGroup;
			children = (
				AA0E1FED2B2A349D00049DAF /* Cervezopedia */,
				AAACF2312B2B10AF00639FC0 /* CervezopediaTests */,
				AA0E1FEC2B2A349D00049DAF /* Products */,
			);
			sourceTree = "<group>";
		};
		AA0E1FEC2B2A349D00049DAF /* Products */ = {
			isa = PBXGroup;
			children = (
				AA0E1FEB2B2A349D00049DAF /* Cervezopedia.app */,
				AAACF2302B2B10AF00639FC0 /* CervezopediaTests.xctest */,
			);
			name = Products;
			sourceTree = "<group>";
		};
		AA0E1FED2B2A349D00049DAF /* Cervezopedia */ = {
			isa = PBXGroup;
			children = (
				AAACF2412B2B5D7700639FC0 /* Serializer.swift */,
				AA0E1FEE2B2A349E00049DAF /* CervezopediaApp.swift */,
				AA0E1FF02B2A349E00049DAF /* ContentView.swift */,
				AA6AFB9F2B2A401E004892DF /* BeerModel.swift */,
				AAE8539A2B2DF9FF009477DF /* ImageManager.swift */,
				AA6B10EB2B2F6D4300146B08 /* ImageCacheEntry.swift */,
				AA6B10ED2B2F6E3900146B08 /* ImageCache.swift */,
				AA6B10E72B2F63E400146B08 /* LogoManager.swift */,
				AA6B10EF2B2F7DDC00146B08 /* BeerImageManager.swift */,
				AA6AFB9D2B2A3D97004892DF /* BeerType.swift */,
				AA6AFBA12B2A4472004892DF /* ManufacturerModel.swift */,
				AAA3594C2B2DC5550021CAF0 /* ManufacturerManager.swift */,
				AA0E1FF22B2A349F00049DAF /* Assets.xcassets */,
				AA0E1FF42B2A349F00049DAF /* Preview Content */,
			);
			path = Cervezopedia;
			sourceTree = "<group>";
		};
		AA0E1FF42B2A349F00049DAF /* Preview Content */ = {
			isa = PBXGroup;
			children = (
				AA0E1FF52B2A349F00049DAF /* Preview Assets.xcassets */,
			);
			path = "Preview Content";
			sourceTree = "<group>";
		};
		AAACF2312B2B10AF00639FC0 /* CervezopediaTests */ = {
			isa = PBXGroup;
			children = (
				AAE853922B2DEA6D009477DF /* ManufacturerManagerTests.swift */,
				AAACF2432B2B61C800639FC0 /* SerializerTests.swift */,
				AAACF23B2B2B404B00639FC0 /* BeerModelTests.swift */,
				AAACF2322B2B10AF00639FC0 /* CervezopediaTests.swift */,
				AAACF2392B2B10F200639FC0 /* ManufacturerModelTests.swift */,
			);
			path = CervezopediaTests;
			sourceTree = "<group>";
		};
/* End PBXGroup section */

/* Begin PBXNativeTarget section */
		AA0E1FEA2B2A349D00049DAF /* Cervezopedia */ = {
			isa = PBXNativeTarget;
			buildConfigurationList = AA0E1FF92B2A349F00049DAF /* Build configuration list for PBXNativeTarget "Cervezopedia" */;
			buildPhases = (
				AA0E1FE72B2A349D00049DAF /* Sources */,
				AA0E1FE82B2A349D00049DAF /* Frameworks */,
				AA0E1FE92B2A349D00049DAF /* Resources */,
			);
			buildRules = (
			);
			dependencies = (
			);
			name = Cervezopedia;
			productName = Cervezopedia;
			productReference = AA0E1FEB2B2A349D00049DAF /* Cervezopedia.app */;
			productType = "com.apple.product-type.application";
		};
		AAACF22F2B2B10AF00639FC0 /* CervezopediaTests */ = {
			isa = PBXNativeTarget;
			buildConfigurationList = AAACF2362B2B10AF00639FC0 /* Build configuration list for PBXNativeTarget "CervezopediaTests" */;
			buildPhases = (
				AAACF22C2B2B10AF00639FC0 /* Sources */,
				AAACF22D2B2B10AF00639FC0 /* Frameworks */,
				AAACF22E2B2B10AF00639FC0 /* Resources */,
			);
			buildRules = (
			);
			dependencies = (
				AAACF2352B2B10AF00639FC0 /* PBXTargetDependency */,
			);
			name = CervezopediaTests;
			productName = CervezopediaTests;
			productReference = AAACF2302B2B10AF00639FC0 /* CervezopediaTests.xctest */;
			productType = "com.apple.product-type.bundle.unit-test";
		};
/* End PBXNativeTarget section */

/* Begin PBXProject section */
		AA0E1FE32B2A349D00049DAF /* Project object */ = {
			isa = PBXProject;
			attributes = {
				BuildIndependentTargetsInParallel = 1;
				LastSwiftUpdateCheck = 1430;
				LastUpgradeCheck = 1430;
				TargetAttributes = {
					AA0E1FEA2B2A349D00049DAF = {
						CreatedOnToolsVersion = 14.3.1;
					};
					AAACF22F2B2B10AF00639FC0 = {
						CreatedOnToolsVersion = 14.3.1;
						TestTargetID = AA0E1FEA2B2A349D00049DAF;
					};
				};
			};
			buildConfigurationList = AA0E1FE62B2A349D00049DAF /* Build configuration list for PBXProject "Cervezopedia" */;
			compatibilityVersion = "Xcode 14.0";
			developmentRegion = en;
			hasScannedForEncodings = 0;
			knownRegions = (
				en,
				Base,
			);
			mainGroup = AA0E1FE22B2A349D00049DAF;
			productRefGroup = AA0E1FEC2B2A349D00049DAF /* Products */;
			projectDirPath = "";
			projectRoot = "";
			targets = (
				AA0E1FEA2B2A349D00049DAF /* Cervezopedia */,
				AAACF22F2B2B10AF00639FC0 /* CervezopediaTests */,
			);
		};
/* End PBXProject section */

/* Begin PBXResourcesBuildPhase section */
		AA0E1FE92B2A349D00049DAF /* Resources */ = {
			isa = PBXResourcesBuildPhase;
			buildActionMask = 2147483647;
			files = (
				AA0E1FF62B2A349F00049DAF /* Preview Assets.xcassets in Resources */,
				AA0E1FF32B2A349F00049DAF /* Assets.xcassets in Resources */,
			);
			runOnlyForDeploymentPostprocessing = 0;
		};
		AAACF22E2B2B10AF00639FC0 /* Resources */ = {
			isa = PBXResourcesBuildPhase;
			buildActionMask = 2147483647;
			files = (
			);
			runOnlyForDeploymentPostprocessing = 0;
		};
/* End PBXResourcesBuildPhase section */

/* Begin PBXSourcesBuildPhase section */
		AA0E1FE72B2A349D00049DAF /* Sources */ = {
			isa = PBXSourcesBuildPhase;
			buildActionMask = 2147483647;
			files = (
				AAA3594D2B2DC5550021CAF0 /* ManufacturerManager.swift in Sources */,
				AA6AFB9E2B2A3D97004892DF /* BeerType.swift in Sources */,
				AA6AFBA22B2A4472004892DF /* ManufacturerModel.swift in Sources */,
				AAE8539B2B2DF9FF009477DF /* ImageManager.swift in Sources */,
				AA6B10F02B2F7DDC00146B08 /* BeerImageManager.swift in Sources */,
				AAACF2422B2B5D7700639FC0 /* Serializer.swift in Sources */,
				AA6B10EE2B2F6E3900146B08 /* ImageCache.swift in Sources */,
				AA0E1FF12B2A349E00049DAF /* ContentView.swift in Sources */,
				AA6B10EC2B2F6D4300146B08 /* ImageCacheEntry.swift in Sources */,
				AA0E1FEF2B2A349E00049DAF /* CervezopediaApp.swift in Sources */,
				AA6B10E82B2F63E400146B08 /* LogoManager.swift in Sources */,
				AA6AFBA02B2A401E004892DF /* BeerModel.swift in Sources */,
			);
			runOnlyForDeploymentPostprocessing = 0;
		};
		AAACF22C2B2B10AF00639FC0 /* Sources */ = {
			isa = PBXSourcesBuildPhase;
			buildActionMask = 2147483647;
			files = (
				AAACF23A2B2B10F200639FC0 /* ManufacturerModelTests.swift in Sources */,
				AAE853932B2DEA6D009477DF /* ManufacturerManagerTests.swift in Sources */,
				AAACF2442B2B61C800639FC0 /* SerializerTests.swift in Sources */,
				AAACF2332B2B10AF00639FC0 /* CervezopediaTests.swift in Sources */,
				AAACF23C2B2B404B00639FC0 /* BeerModelTests.swift in Sources */,
			);
			runOnlyForDeploymentPostprocessing = 0;
		};
/* End PBXSourcesBuildPhase section */

/* Begin PBXTargetDependency section */
		AAACF2352B2B10AF00639FC0 /* PBXTargetDependency */ = {
			isa = PBXTargetDependency;
			target = AA0E1FEA2B2A349D00049DAF /* Cervezopedia */;
			targetProxy = AAACF2342B2B10AF00639FC0 /* PBXContainerItemProxy */;
		};
/* End PBXTargetDependency section */

/* Begin XCBuildConfiguration section */
		AA0E1FF72B2A349F00049DAF /* Debug */ = {
			isa = XCBuildConfiguration;
			buildSettings = {
				ALWAYS_SEARCH_USER_PATHS = NO;
				CLANG_ANALYZER_NONNULL = YES;
				CLANG_ANALYZER_NUMBER_OBJECT_CONVERSION = YES_AGGRESSIVE;
				CLANG_CXX_LANGUAGE_STANDARD = "gnu++20";
				CLANG_ENABLE_MODULES = YES;
				CLANG_ENABLE_OBJC_ARC = YES;
				CLANG_ENABLE_OBJC_WEAK = YES;
				CLANG_WARN_BLOCK_CAPTURE_AUTORELEASING = YES;
				CLANG_WARN_BOOL_CONVERSION = YES;
				CLANG_WARN_COMMA = YES;
				CLANG_WARN_CONSTANT_CONVERSION = YES;
				CLANG_WARN_DEPRECATED_OBJC_IMPLEMENTATIONS = YES;
				CLANG_WARN_DIRECT_OBJC_ISA_USAGE = YES_ERROR;
				CLANG_WARN_DOCUMENTATION_COMMENTS = YES;
				CLANG_WARN_EMPTY_BODY = YES;
				CLANG_WARN_ENUM_CONVERSION = YES;
				CLANG_WARN_INFINITE_RECURSION = YES;
				CLANG_WARN_INT_CONVERSION = YES;
				CLANG_WARN_NON_LITERAL_NULL_CONVERSION = YES;
				CLANG_WARN_OBJC_IMPLICIT_RETAIN_SELF = YES;
				CLANG_WARN_OBJC_LITERAL_CONVERSION = YES;
				CLANG_WARN_OBJC_ROOT_CLASS = YES_ERROR;
				CLANG_WARN_QUOTED_INCLUDE_IN_FRAMEWORK_HEADER = YES;
				CLANG_WARN_RANGE_LOOP_ANALYSIS = YES;
				CLANG_WARN_STRICT_PROTOTYPES = YES;
				CLANG_WARN_SUSPICIOUS_MOVE = YES;
				CLANG_WARN_UNGUARDED_AVAILABILITY = YES_AGGRESSIVE;
				CLANG_WARN_UNREACHABLE_CODE = YES;
				CLANG_WARN__DUPLICATE_METHOD_MATCH = YES;
				COPY_PHASE_STRIP = NO;
				DEBUG_INFORMATION_FORMAT = dwarf;
				ENABLE_STRICT_OBJC_MSGSEND = YES;
				ENABLE_TESTABILITY = YES;
				GCC_C_LANGUAGE_STANDARD = gnu11;
				GCC_DYNAMIC_NO_PIC = NO;
				GCC_NO_COMMON_BLOCKS = YES;
				GCC_OPTIMIZATION_LEVEL = 0;
				GCC_PREPROCESSOR_DEFINITIONS = (
					"DEBUG=1",
					"$(inherited)",
				);
				GCC_WARN_64_TO_32_BIT_CONVERSION = YES;
				GCC_WARN_ABOUT_RETURN_TYPE = YES_ERROR;
				GCC_WARN_UNDECLARED_SELECTOR = YES;
				GCC_WARN_UNINITIALIZED_AUTOS = YES_AGGRESSIVE;
				GCC_WARN_UNUSED_FUNCTION = YES;
				GCC_WARN_UNUSED_VARIABLE = YES;
				IPHONEOS_DEPLOYMENT_TARGET = 16.4;
				MTL_ENABLE_DEBUG_INFO = INCLUDE_SOURCE;
				MTL_FAST_MATH = YES;
				ONLY_ACTIVE_ARCH = YES;
				SDKROOT = iphoneos;
				SWIFT_ACTIVE_COMPILATION_CONDITIONS = DEBUG;
				SWIFT_OPTIMIZATION_LEVEL = "-Onone";
			};
			name = Debug;
		};
		AA0E1FF82B2A349F00049DAF /* Release */ = {
			isa = XCBuildConfiguration;
			buildSettings = {
				ALWAYS_SEARCH_USER_PATHS = NO;
				CLANG_ANALYZER_NONNULL = YES;
				CLANG_ANALYZER_NUMBER_OBJECT_CONVERSION = YES_AGGRESSIVE;
				CLANG_CXX_LANGUAGE_STANDARD = "gnu++20";
				CLANG_ENABLE_MODULES = YES;
				CLANG_ENABLE_OBJC_ARC = YES;
				CLANG_ENABLE_OBJC_WEAK = YES;
				CLANG_WARN_BLOCK_CAPTURE_AUTORELEASING = YES;
				CLANG_WARN_BOOL_CONVERSION = YES;
				CLANG_WARN_COMMA = YES;
				CLANG_WARN_CONSTANT_CONVERSION = YES;
				CLANG_WARN_DEPRECATED_OBJC_IMPLEMENTATIONS = YES;
				CLANG_WARN_DIRECT_OBJC_ISA_USAGE = YES_ERROR;
				CLANG_WARN_DOCUMENTATION_COMMENTS = YES;
				CLANG_WARN_EMPTY_BODY = YES;
				CLANG_WARN_ENUM_CONVERSION = YES;
				CLANG_WARN_INFINITE_RECURSION = YES;
				CLANG_WARN_INT_CONVERSION = YES;
				CLANG_WARN_NON_LITERAL_NULL_CONVERSION = YES;
				CLANG_WARN_OBJC_IMPLICIT_RETAIN_SELF = YES;
				CLANG_WARN_OBJC_LITERAL_CONVERSION = YES;
				CLANG_WARN_OBJC_ROOT_CLASS = YES_ERROR;
				CLANG_WARN_QUOTED_INCLUDE_IN_FRAMEWORK_HEADER = YES;
				CLANG_WARN_RANGE_LOOP_ANALYSIS = YES;
				CLANG_WARN_STRICT_PROTOTYPES = YES;
				CLANG_WARN_SUSPICIOUS_MOVE = YES;
				CLANG_WARN_UNGUARDED_AVAILABILITY = YES_AGGRESSIVE;
				CLANG_WARN_UNREACHABLE_CODE = YES;
				CLANG_WARN__DUPLICATE_METHOD_MATCH = YES;
				COPY_PHASE_STRIP = NO;
				DEBUG_INFORMATION_FORMAT = "dwarf-with-dsym";
				ENABLE_NS_ASSERTIONS = NO;
				ENABLE_STRICT_OBJC_MSGSEND = YES;
				GCC_C_LANGUAGE_STANDARD = gnu11;
				GCC_NO_COMMON_BLOCKS = YES;
				GCC_WARN_64_TO_32_BIT_CONVERSION = YES;
				GCC_WARN_ABOUT_RETURN_TYPE = YES_ERROR;
				GCC_WARN_UNDECLARED_SELECTOR = YES;
				GCC_WARN_UNINITIALIZED_AUTOS = YES_AGGRESSIVE;
				GCC_WARN_UNUSED_FUNCTION = YES;
				GCC_WARN_UNUSED_VARIABLE = YES;
				IPHONEOS_DEPLOYMENT_TARGET = 16.4;
				MTL_ENABLE_DEBUG_INFO = NO;
				MTL_FAST_MATH = YES;
				SDKROOT = iphoneos;
				SWIFT_COMPILATION_MODE = wholemodule;
				SWIFT_OPTIMIZATION_LEVEL = "-O";
				VALIDATE_PRODUCT = YES;
			};
			name = Release;
		};
		AA0E1FFA2B2A349F00049DAF /* Debug */ = {
			isa = XCBuildConfiguration;
			buildSettings = {
				ASSETCATALOG_COMPILER_APPICON_NAME = AppIcon;
				ASSETCATALOG_COMPILER_GLOBAL_ACCENT_COLOR_NAME = AccentColor;
				CODE_SIGN_STYLE = Automatic;
				CURRENT_PROJECT_VERSION = 1;
				DEVELOPMENT_ASSET_PATHS = "\"Cervezopedia/Preview Content\"";
				ENABLE_PREVIEWS = YES;
				GENERATE_INFOPLIST_FILE = YES;
				INFOPLIST_KEY_UIApplicationSceneManifest_Generation = YES;
				INFOPLIST_KEY_UIApplicationSupportsIndirectInputEvents = YES;
				INFOPLIST_KEY_UILaunchScreen_Generation = YES;
				INFOPLIST_KEY_UISupportedInterfaceOrientations_iPad = "UIInterfaceOrientationPortrait UIInterfaceOrientationPortraitUpsideDown UIInterfaceOrientationLandscapeLeft UIInterfaceOrientationLandscapeRight";
				INFOPLIST_KEY_UISupportedInterfaceOrientations_iPhone = "UIInterfaceOrientationPortrait UIInterfaceOrientationLandscapeLeft UIInterfaceOrientationLandscapeRight";
				LD_RUNPATH_SEARCH_PATHS = (
					"$(inherited)",
					"@executable_path/Frameworks",
				);
				MARKETING_VERSION = 1.0;
				PRODUCT_BUNDLE_IDENTIFIER = com.github.gorkiiuss.Cervezopedia;
				PRODUCT_NAME = "$(TARGET_NAME)";
				SWIFT_EMIT_LOC_STRINGS = YES;
				SWIFT_VERSION = 5.0;
				TARGETED_DEVICE_FAMILY = "1,2";
			};
			name = Debug;
		};
		AA0E1FFB2B2A349F00049DAF /* Release */ = {
			isa = XCBuildConfiguration;
			buildSettings = {
				ASSETCATALOG_COMPILER_APPICON_NAME = AppIcon;
				ASSETCATALOG_COMPILER_GLOBAL_ACCENT_COLOR_NAME = AccentColor;
				CODE_SIGN_STYLE = Automatic;
				CURRENT_PROJECT_VERSION = 1;
				DEVELOPMENT_ASSET_PATHS = "\"Cervezopedia/Preview Content\"";
				ENABLE_PREVIEWS = YES;
				GENERATE_INFOPLIST_FILE = YES;
				INFOPLIST_KEY_UIApplicationSceneManifest_Generation = YES;
				INFOPLIST_KEY_UIApplicationSupportsIndirectInputEvents = YES;
				INFOPLIST_KEY_UILaunchScreen_Generation = YES;
				INFOPLIST_KEY_UISupportedInterfaceOrientations_iPad = "UIInterfaceOrientationPortrait UIInterfaceOrientationPortraitUpsideDown UIInterfaceOrientationLandscapeLeft UIInterfaceOrientationLandscapeRight";
				INFOPLIST_KEY_UISupportedInterfaceOrientations_iPhone = "UIInterfaceOrientationPortrait UIInterfaceOrientationLandscapeLeft UIInterfaceOrientationLandscapeRight";
				LD_RUNPATH_SEARCH_PATHS = (
					"$(inherited)",
					"@executable_path/Frameworks",
				);
				MARKETING_VERSION = 1.0;
				PRODUCT_BUNDLE_IDENTIFIER = com.github.gorkiiuss.Cervezopedia;
				PRODUCT_NAME = "$(TARGET_NAME)";
				SWIFT_EMIT_LOC_STRINGS = YES;
				SWIFT_VERSION = 5.0;
				TARGETED_DEVICE_FAMILY = "1,2";
			};
			name = Release;
		};
		AAACF2372B2B10AF00639FC0 /* Debug */ = {
			isa = XCBuildConfiguration;
			buildSettings = {
				BUNDLE_LOADER = "$(TEST_HOST)";
				CODE_SIGN_STYLE = Automatic;
				CURRENT_PROJECT_VERSION = 1;
				GENERATE_INFOPLIST_FILE = YES;
				MARKETING_VERSION = 1.0;
				PRODUCT_BUNDLE_IDENTIFIER = com.github.gorkiiuss.CervezopediaTests;
				PRODUCT_NAME = "$(TARGET_NAME)";
				SWIFT_EMIT_LOC_STRINGS = NO;
				SWIFT_VERSION = 5.0;
				TARGETED_DEVICE_FAMILY = "1,2";
				TEST_HOST = "$(BUILT_PRODUCTS_DIR)/Cervezopedia.app/$(BUNDLE_EXECUTABLE_FOLDER_PATH)/Cervezopedia";
			};
			name = Debug;
		};
		AAACF2382B2B10AF00639FC0 /* Release */ = {
			isa = XCBuildConfiguration;
			buildSettings = {
				BUNDLE_LOADER = "$(TEST_HOST)";
				CODE_SIGN_STYLE = Automatic;
				CURRENT_PROJECT_VERSION = 1;
				GENERATE_INFOPLIST_FILE = YES;
				MARKETING_VERSION = 1.0;
				PRODUCT_BUNDLE_IDENTIFIER = com.github.gorkiiuss.CervezopediaTests;
				PRODUCT_NAME = "$(TARGET_NAME)";
				SWIFT_EMIT_LOC_STRINGS = NO;
				SWIFT_VERSION = 5.0;
				TARGETED_DEVICE_FAMILY = "1,2";
				TEST_HOST = "$(BUILT_PRODUCTS_DIR)/Cervezopedia.app/$(BUNDLE_EXECUTABLE_FOLDER_PATH)/Cervezopedia";
			};
			name = Release;
		};
/* End XCBuildConfiguration section */

/* Begin XCConfigurationList section */
		AA0E1FE62B2A349D00049DAF /* Build configuration list for PBXProject "Cervezopedia" */ = {
			isa = XCConfigurationList;
			buildConfigurations = (
				AA0E1FF72B2A349F00049DAF /* Debug */,
				AA0E1FF82B2A349F00049DAF /* Release */,
			);
			defaultConfigurationIsVisible = 0;
			defaultConfigurationName = Release;
		};
		AA0E1FF92B2A349F00049DAF /* Build configuration list for PBXNativeTarget "Cervezopedia" */ = {
			isa = XCConfigurationList;
			buildConfigurations = (
				AA0E1FFA2B2A349F00049DAF /* Debug */,
				AA0E1FFB2B2A349F00049DAF /* Release */,
			);
			defaultConfigurationIsVisible = 0;
			defaultConfigurationName = Release;
		};
		AAACF2362B2B10AF00639FC0 /* Build configuration list for PBXNativeTarget "CervezopediaTests" */ = {
			isa = XCConfigurationList;
			buildConfigurations = (
				AAACF2372B2B10AF00639FC0 /* Debug */,
				AAACF2382B2B10AF00639FC0 /* Release */,
			);
			defaultConfigurationIsVisible = 0;
			defaultConfigurationName = Release;
		};
/* End XCConfigurationList section */
	};
	rootObject = AA0E1FE32B2A349D00049DAF /* Project object */;
}
